
Microsoft Visual Studio Solution File, Format Version 12.00
# Visual Studio 15
VisualStudioVersion = 15.0.28307.779
MinimumVisualStudioVersion = 10.0.40219.1
Project("{FAE04EC0-301F-11D3-BF4B-00C04F79EFBC}") = "NewMicrofluidics", "NewMicrofluidics\NewMicrofluidics.csproj", "{DE321B33-4626-4FB4-86A2-47C40241F840}"
EndProject
Global
	GlobalSection(SolutionConfigurationPlatforms) = preSolution
		Debug|Any CPU = Debug|Any CPU
		Release|Any CPU = Release|Any CPU
	EndGlobalSection
	GlobalSection(ProjectConfigurationPlatforms) = postSolution
		{DE321B33-4626-4FB4-86A2-47C40241F840}.Debug|Any CPU.ActiveCfg = Debug|Any CPU
		{DE321B33-4626-4FB4-86A2-47C40241F840}.Debug|Any CPU.Build.0 = Debug|Any CPU
		{DE321B33-4626-4FB4-86A2-47C40241F840}.Release|Any CPU.ActiveCfg = Release|Any CPU
		{DE321B33-4626-4FB4-86A2-47C40241F840}.Release|Any CPU.Build.0 = Release|Any CPU
	EndGlobalSection
	GlobalSection(SolutionProperties) = preSolution
		HideSolutionNode = FALSE
	EndGlobalSection
	GlobalSection(ExtensibilityGlobals) = postSolution
		SolutionGuid = {26B10A6A-F8EA-4618-8AC4-D71CCE4F9770}
	EndGlobalSection
EndGlobal
